<?xml version="1.0" encoding="utf-8"?>
<Project ToolsVersion="4.0" xmlns="http://schemas.microsoft.com/developer/msbuild/2003">
  <ItemGroup>
    <Filter Include="share">
      <UniqueIdentifier>{300032dc-c94b-4dfe-b6cd-f83b07a2dd7e}</UniqueIdentifier>
    </Filter>
    <Filter Include="code">
      <UniqueIdentifier>{4FC737F1-C7A5-4376-A066-2A32D752A2FF}</UniqueIdentifier>
      <Extensions>cpp;c;cc;cxx;c++;cppm;ixx;def;odl;idl;hpj;bat;asm;asmx</Extensions>
    </Filter>
  </ItemGroup>
  <ItemGroup>
    <ClCompile Include="TestHttpClient.cpp">
      <Filter>code</Filter>
    </ClCompile>
    <ClCompile Include="HttpClient.cpp">
      <Filter>code</Filter>
    </ClCompile>
    <ClCompile Include="..\..\share\IDefine.cpp">
      <Filter>share</Filter>
    </ClCompile>
    <ClCompile Include="HttpClient_Write.cpp">
      <Filter>code</Filter>
    </ClCompile>
  </ItemGroup>
  <ItemGroup>
    <ClInclude Include="HttpClient.h">
      <Filter>code</Filter>
    </ClInclude>
    <ClInclude Include="..\..\share\IDefine.h">
      <Filter>share</Filter>
    </ClInclude>
    <ClInclude Include="..\..\share\LogFile.hpp">
      <Filter>share</Filter>
    </ClInclude>
  </ItemGroup>
</Project>